
Microsoft Visual Studio Solution File, Format Version 12.00
# Visual Studio 14
VisualStudioVersion = 14.0.25123.0
MinimumVisualStudioVersion = 10.0.40219.1
Project("{FAE04EC0-301F-11D3-BF4B-00C04F79EFBC}") = "AppWebBienes", "AppWebBienes\AppWebBienes.csproj", "{944A9D95-2F26-41D1-91A7-CBC512F22815}"
EndProject
Global
	GlobalSection(SolutionConfigurationPlatforms) = preSolution
		Debug|Any CPU = Debug|Any CPU
		Release|Any CPU = Release|Any CPU
	EndGlobalSection
	GlobalSection(ProjectConfigurationPlatforms) = postSolution
		{944A9D95-2F26-41D1-91A7-CBC512F22815}.Debug|Any CPU.ActiveCfg = Debug|Any CPU
		{944A9D95-2F26-41D1-91A7-CBC512F22815}.Debug|Any CPU.Build.0 = Debug|Any CPU
		{944A9D95-2F26-41D1-91A7-CBC512F22815}.Release|Any CPU.ActiveCfg = Release|Any CPU
		{944A9D95-2F26-41D1-91A7-CBC512F22815}.Release|Any CPU.Build.0 = Release|Any CPU
	EndGlobalSection
	GlobalSection(SolutionProperties) = preSolution
		HideSolutionNode = FALSE
	EndGlobalSection
EndGlobal
